<?xml version="1.0" encoding="utf-8"?>
<Project ToolsVersion="4.0" xmlns="http://schemas.microsoft.com/developer/msbuild/2003">
  <ItemGroup>
    <Filter Include="Source Files">
      <UniqueIdentifier>{7c33769e-4ffb-4639-866a-23239dfe1fec}</UniqueIdentifier>
      <Extensions>cpp;c;cxx;rc;def;r;odl;idl;hpj;bat</Extensions>
    </Filter>
    <Filter Include="Source Files\bpm">
      <UniqueIdentifier>{62a48f73-b9a2-42ad-bd25-5bc913ef47d2}</UniqueIdentifier>
    </Filter>
    <Filter Include="Header Files">
      <UniqueIdentifier>{0b5af5d1-d71a-4ce0-ae15-38503f1cbcf0}</UniqueIdentifier>
      <Extensions>h;hpp;hxx;hm;inl</Extensions>
    </Filter>
  </ItemGroup>
  <ItemGroup>
    <ClCompile Include="AAFilter.cpp">
      <Filter>Source Files</Filter>
    </ClCompile>
    <ClCompile Include="cpu_detect_x86_win.cpp">
      <Filter>Source Files</Filter>
    </ClCompile>
    <ClCompile Include="FIFOSampleBuffer.cpp">
      <Filter>Source Files</Filter>
    </ClCompile>
    <ClCompile Include="FIRFilter.cpp">
      <Filter>Source Files</Filter>
    </ClCompile>
    <ClCompile Include="mmx_optimized.cpp">
      <Filter>Source Files</Filter>
    </ClCompile>
    <ClCompile Include="RateTransposer.cpp">
      <Filter>Source Files</Filter>
    </ClCompile>
    <ClCompile Include="SoundTouch.cpp">
      <Filter>Source Files</Filter>
    </ClCompile>
    <ClCompile Include="sse_optimized.cpp">
      <Filter>Source Files</Filter>
    </ClCompile>
    <ClCompile Include="TDStretch.cpp">
      <Filter>Source Files</Filter>
    </ClCompile>
    <ClCompile Include="BPMDetect.cpp">
      <Filter>Source Files\bpm</Filter>
    </ClCompile>
    <ClCompile Include="PeakFinder.cpp">
      <Filter>Source Files\bpm</Filter>
    </ClCompile>
  </ItemGroup>
  <ItemGroup>
    <ClInclude Include="AAFilter.h">
      <Filter>Header Files</Filter>
    </ClInclude>
    <ClInclude Include="cpu_detect.h">
      <Filter>Header Files</Filter>
    </ClInclude>
    <ClInclude Include="..\..\include\FIFOSampleBuffer.h">
      <Filter>Header Files</Filter>
    </ClInclude>
    <ClInclude Include="..\..\include\FIFOSamplePipe.h">
      <Filter>Header Files</Filter>
    </ClInclude>
    <ClInclude Include="FIRFilter.h">
      <Filter>Header Files</Filter>
    </ClInclude>
    <ClInclude Include="RateTransposer.h">
      <Filter>Header Files</Filter>
    </ClInclude>
    <ClInclude Include="..\..\include\SoundTouch.h">
      <Filter>Header Files</Filter>
    </ClInclude>
    <ClInclude Include="..\..\include\STTypes.h">
      <Filter>Header Files</Filter>
    </ClInclude>
    <ClInclude Include="TDStretch.h">
      <Filter>Header Files</Filter>
    </ClInclude>
  </ItemGroup>
</Project>